
Microsoft Visual Studio Solution File, Format Version 12.00
# Visual Studio Version 16
VisualStudioVersion = 16.0.30907.101
MinimumVisualStudioVersion = 10.0.40219.1
Project("{FAE04EC0-301F-11D3-BF4B-00C04F79EFBC}") = "Minesweeper", "Minesweeper.csproj", "{6FEDDF8B-E953-4E46-9D9F-6B5CA2FD7189}"
EndProject
Global
	GlobalSection(SolutionConfigurationPlatforms) = preSolution
		Debug|Any CPU = Debug|Any CPU
		Release|Any CPU = Release|Any CPU
	EndGlobalSection
	GlobalSection(ProjectConfigurationPlatforms) = postSolution
		{6FEDDF8B-E953-4E46-9D9F-6B5CA2FD7189}.Debug|Any CPU.ActiveCfg = Debug|Any CPU
		{6FEDDF8B-E953-4E46-9D9F-6B5CA2FD7189}.Debug|Any CPU.Build.0 = Debug|Any CPU
		{6FEDDF8B-E953-4E46-9D9F-6B5CA2FD7189}.Release|Any CPU.ActiveCfg = Release|Any CPU
		{6FEDDF8B-E953-4E46-9D9F-6B5CA2FD7189}.Release|Any CPU.Build.0 = Release|Any CPU
	EndGlobalSection
	GlobalSection(SolutionProperties) = preSolution
		HideSolutionNode = FALSE
	EndGlobalSection
	GlobalSection(ExtensibilityGlobals) = postSolution
		SolutionGuid = {BA88CFCE-6A55-45FB-9407-63182AEFE83A}
	EndGlobalSection
EndGlobal
